
Microsoft Visual Studio Solution File, Format Version 12.00
# Visual Studio Version 17
VisualStudioVersion = 17.5.33530.505
MinimumVisualStudioVersion = 10.0.40219.1
Project("{9A19103F-16F7-4668-BE54-9A1E7A4F7556}") = "BISP.Console", "BISP.Console\BISP.Console.csproj", "{74048075-4D59-4196-9F51-B1E97F91FE63}"
EndProject
Project("{2150E333-8FDC-42A3-9474-1A3956D46DE8}") = "Infrastructures", "Infrastructures", "{51D75B01-13BF-466C-AC42-644EF1246E49}"
EndProject
Project("{9A19103F-16F7-4668-BE54-9A1E7A4F7556}") = "BISP.Infra.Entity", "BISP.Infra.Entity\BISP.Infra.Entity.csproj", "{F1A61D6B-59E3-46D6-94AE-84780943A7B5}"
EndProject
Project("{2150E333-8FDC-42A3-9474-1A3956D46DE8}") = "Clients", "Clients", "{845A47E1-0D23-4FBF-9C65-1C5770CFD405}"
EndProject
Project("{9A19103F-16F7-4668-BE54-9A1E7A4F7556}") = "BISP.Service", "BISP.Service\BISP.Service.csproj", "{6755A890-50EF-48BB-8D5C-824DC9B479D9}"
EndProject
Project("{9A19103F-16F7-4668-BE54-9A1E7A4F7556}") = "BISP.ServiceInterface", "BISP.ServiceInterface\BISP.ServiceInterface.csproj", "{30C130EB-6C86-4205-88FF-876912625C9B}"
EndProject
Project("{2150E333-8FDC-42A3-9474-1A3956D46DE8}") = "Services", "Services", "{CA8364E3-E1EC-4C2F-8F6D-A9189FB96086}"
EndProject
Project("{9A19103F-16F7-4668-BE54-9A1E7A4F7556}") = "BISP.Client.WPF", "BISP.Client.WPF\BISP.Client.WPF.csproj", "{BEED3CDB-89A1-4EAB-B0AE-6A4CE8983633}"
EndProject
Project("{2150E333-8FDC-42A3-9474-1A3956D46DE8}") = "Tests", "Tests", "{1C6EC17D-305D-4CF8-B22D-AB685124016D}"
EndProject
Project("{9A19103F-16F7-4668-BE54-9A1E7A4F7556}") = "BISP.DatabaseService.Tests", "BISP.DatabaseService.Tests\BISP.DatabaseService.Tests.csproj", "{D898FC6D-5F68-44C1-98F5-F26C2E105104}"
EndProject
Project("{9A19103F-16F7-4668-BE54-9A1E7A4F7556}") = "BISP.Infra.Dapper", "BISP.Infra.Dapper\BISP.Infra.Dapper.csproj", "{91E5A13E-15E5-4AEC-803C-904EDA52F962}"
EndProject
Project("{9A19103F-16F7-4668-BE54-9A1E7A4F7556}") = "BISP.Infra.EfCore", "BISP.Infra.EfCore\BISP.Infra.EfCore.csproj", "{5FF213F3-2D59-4F23-8D1B-B48429DB315D}"
EndProject
Project("{9A19103F-16F7-4668-BE54-9A1E7A4F7556}") = "BISP.UI.FileSystemByExample", "BISP.UI.FileSystem\BISP.UI.FileSystemByExample.csproj", "{4C73F8B0-8262-4A2F-B0B5-CB9A1AD3CF47}"
EndProject
Global
	GlobalSection(SolutionConfigurationPlatforms) = preSolution
		Debug|Any CPU = Debug|Any CPU
		Release|Any CPU = Release|Any CPU
	EndGlobalSection
	GlobalSection(ProjectConfigurationPlatforms) = postSolution
		{74048075-4D59-4196-9F51-B1E97F91FE63}.Debug|Any CPU.ActiveCfg = Debug|Any CPU
		{74048075-4D59-4196-9F51-B1E97F91FE63}.Debug|Any CPU.Build.0 = Debug|Any CPU
		{74048075-4D59-4196-9F51-B1E97F91FE63}.Release|Any CPU.ActiveCfg = Release|Any CPU
		{74048075-4D59-4196-9F51-B1E97F91FE63}.Release|Any CPU.Build.0 = Release|Any CPU
		{F1A61D6B-59E3-46D6-94AE-84780943A7B5}.Debug|Any CPU.ActiveCfg = Debug|Any CPU
		{F1A61D6B-59E3-46D6-94AE-84780943A7B5}.Debug|Any CPU.Build.0 = Debug|Any CPU
		{F1A61D6B-59E3-46D6-94AE-84780943A7B5}.Release|Any CPU.ActiveCfg = Release|Any CPU
		{F1A61D6B-59E3-46D6-94AE-84780943A7B5}.Release|Any CPU.Build.0 = Release|Any CPU
		{6755A890-50EF-48BB-8D5C-824DC9B479D9}.Debug|Any CPU.ActiveCfg = Debug|Any CPU
		{6755A890-50EF-48BB-8D5C-824DC9B479D9}.Debug|Any CPU.Build.0 = Debug|Any CPU
		{6755A890-50EF-48BB-8D5C-824DC9B479D9}.Release|Any CPU.ActiveCfg = Release|Any CPU
		{6755A890-50EF-48BB-8D5C-824DC9B479D9}.Release|Any CPU.Build.0 = Release|Any CPU
		{30C130EB-6C86-4205-88FF-876912625C9B}.Debug|Any CPU.ActiveCfg = Debug|Any CPU
		{30C130EB-6C86-4205-88FF-876912625C9B}.Debug|Any CPU.Build.0 = Debug|Any CPU
		{30C130EB-6C86-4205-88FF-876912625C9B}.Release|Any CPU.ActiveCfg = Release|Any CPU
		{30C130EB-6C86-4205-88FF-876912625C9B}.Release|Any CPU.Build.0 = Release|Any CPU
		{BEED3CDB-89A1-4EAB-B0AE-6A4CE8983633}.Debug|Any CPU.ActiveCfg = Debug|Any CPU
		{BEED3CDB-89A1-4EAB-B0AE-6A4CE8983633}.Debug|Any CPU.Build.0 = Debug|Any CPU
		{BEED3CDB-89A1-4EAB-B0AE-6A4CE8983633}.Release|Any CPU.ActiveCfg = Release|Any CPU
		{BEED3CDB-89A1-4EAB-B0AE-6A4CE8983633}.Release|Any CPU.Build.0 = Release|Any CPU
		{D898FC6D-5F68-44C1-98F5-F26C2E105104}.Debug|Any CPU.ActiveCfg = Debug|Any CPU
		{D898FC6D-5F68-44C1-98F5-F26C2E105104}.Debug|Any CPU.Build.0 = Debug|Any CPU
		{D898FC6D-5F68-44C1-98F5-F26C2E105104}.Release|Any CPU.ActiveCfg = Release|Any CPU
		{D898FC6D-5F68-44C1-98F5-F26C2E105104}.Release|Any CPU.Build.0 = Release|Any CPU
		{91E5A13E-15E5-4AEC-803C-904EDA52F962}.Debug|Any CPU.ActiveCfg = Debug|Any CPU
		{91E5A13E-15E5-4AEC-803C-904EDA52F962}.Debug|Any CPU.Build.0 = Debug|Any CPU
		{91E5A13E-15E5-4AEC-803C-904EDA52F962}.Release|Any CPU.ActiveCfg = Release|Any CPU
		{91E5A13E-15E5-4AEC-803C-904EDA52F962}.Release|Any CPU.Build.0 = Release|Any CPU
		{5FF213F3-2D59-4F23-8D1B-B48429DB315D}.Debug|Any CPU.ActiveCfg = Debug|Any CPU
		{5FF213F3-2D59-4F23-8D1B-B48429DB315D}.Debug|Any CPU.Build.0 = Debug|Any CPU
		{5FF213F3-2D59-4F23-8D1B-B48429DB315D}.Release|Any CPU.ActiveCfg = Release|Any CPU
		{5FF213F3-2D59-4F23-8D1B-B48429DB315D}.Release|Any CPU.Build.0 = Release|Any CPU
		{4C73F8B0-8262-4A2F-B0B5-CB9A1AD3CF47}.Debug|Any CPU.ActiveCfg = Debug|Any CPU
		{4C73F8B0-8262-4A2F-B0B5-CB9A1AD3CF47}.Debug|Any CPU.Build.0 = Debug|Any CPU
		{4C73F8B0-8262-4A2F-B0B5-CB9A1AD3CF47}.Release|Any CPU.ActiveCfg = Release|Any CPU
		{4C73F8B0-8262-4A2F-B0B5-CB9A1AD3CF47}.Release|Any CPU.Build.0 = Release|Any CPU
	EndGlobalSection
	GlobalSection(SolutionProperties) = preSolution
		HideSolutionNode = FALSE
	EndGlobalSection
	GlobalSection(NestedProjects) = preSolution
		{74048075-4D59-4196-9F51-B1E97F91FE63} = {845A47E1-0D23-4FBF-9C65-1C5770CFD405}
		{F1A61D6B-59E3-46D6-94AE-84780943A7B5} = {51D75B01-13BF-466C-AC42-644EF1246E49}
		{6755A890-50EF-48BB-8D5C-824DC9B479D9} = {CA8364E3-E1EC-4C2F-8F6D-A9189FB96086}
		{30C130EB-6C86-4205-88FF-876912625C9B} = {CA8364E3-E1EC-4C2F-8F6D-A9189FB96086}
		{BEED3CDB-89A1-4EAB-B0AE-6A4CE8983633} = {845A47E1-0D23-4FBF-9C65-1C5770CFD405}
		{D898FC6D-5F68-44C1-98F5-F26C2E105104} = {1C6EC17D-305D-4CF8-B22D-AB685124016D}
		{91E5A13E-15E5-4AEC-803C-904EDA52F962} = {51D75B01-13BF-466C-AC42-644EF1246E49}
		{5FF213F3-2D59-4F23-8D1B-B48429DB315D} = {51D75B01-13BF-466C-AC42-644EF1246E49}
		{4C73F8B0-8262-4A2F-B0B5-CB9A1AD3CF47} = {845A47E1-0D23-4FBF-9C65-1C5770CFD405}
	EndGlobalSection
	GlobalSection(ExtensibilityGlobals) = postSolution
		SolutionGuid = {A5B78AFB-CCA9-4E2D-8269-F5C5DAD664A8}
	EndGlobalSection
EndGlobal
